
Microsoft Visual Studio Solution File, Format Version 12.00
# Visual Studio Version 17
VisualStudioVersion = 17.8.34525.116
MinimumVisualStudioVersion = 10.0.40219.1
Project("{FAE04EC0-301F-11D3-BF4B-00C04F79EFBC}") = "POE_PART_1", "POE_PART_1\POE_PART_1.csproj", "{1DD47297-C1DB-4E27-B7C3-9C18297D5264}"
EndProject
Global
	GlobalSection(SolutionConfigurationPlatforms) = preSolution
		Debug|Any CPU = Debug|Any CPU
		Release|Any CPU = Release|Any CPU
	EndGlobalSection
	GlobalSection(ProjectConfigurationPlatforms) = postSolution
		{1DD47297-C1DB-4E27-B7C3-9C18297D5264}.Debug|Any CPU.ActiveCfg = Debug|Any CPU
		{1DD47297-C1DB-4E27-B7C3-9C18297D5264}.Debug|Any CPU.Build.0 = Debug|Any CPU
		{1DD47297-C1DB-4E27-B7C3-9C18297D5264}.Release|Any CPU.ActiveCfg = Release|Any CPU
		{1DD47297-C1DB-4E27-B7C3-9C18297D5264}.Release|Any CPU.Build.0 = Release|Any CPU
	EndGlobalSection
	GlobalSection(SolutionProperties) = preSolution
		HideSolutionNode = FALSE
	EndGlobalSection
	GlobalSection(ExtensibilityGlobals) = postSolution
		SolutionGuid = {5E452F47-7F2A-4525-BFEA-DACDBAE9106D}
	EndGlobalSection
EndGlobal
